// !$*UTF8*$!
{
	archiveVersion = 1;
	classes = {
	};
	objectVersion = 77;
	objects = {

/* Begin PBXContainerItemProxy section */
		7A6C39642F78A6A200F702BF /* PBXContainerItemProxy */ = {
			isa = PBXContainerItemProxy;
			containerPortal = 7A6C394B2F78A69E00F702BF /* Project object */;
			proxyType = 1;
			remoteGlobalIDString = 7A6C39522F78A69E00F702BF;
			remoteInfo = FUELBREAK;
		};
		7A6C396E2F78A6A200F702BF /* PBXContainerItemProxy */ = {
			isa = PBXContainerItemProxy;
			containerPortal = 7A6C394B2F78A69E00F702BF /* Project object */;
			proxyType = 1;
			remoteGlobalIDString = 7A6C39522F78A69E00F702BF;
			remoteInfo = FUELBREAK;
		};
/* End PBXContainerItemProxy section */

/* Begin PBXCopyFilesBuildPhase section */
		7A0248FC2F7C7E3800C56187 /* Embed Foundation Extensions */ = {
			isa = PBXCopyFilesBuildPhase;
			buildActionMask = 8;
			dstPath = "";
			dstSubfolderSpec = 13;
			files = (
			);
			name = "Embed Foundation Extensions";
			runOnlyForDeploymentPostprocessing = 1;
		};
/* End PBXCopyFilesBuildPhase section */

/* Begin PBXFileReference section */
		7A0248EE2F7C7E3800C56187 /* UserNotifications.framework */ = {isa = PBXFileReference; lastKnownFileType = wrapper.framework; name = UserNotifications.framework; path = System/Library/Frameworks/UserNotifications.framework; sourceTree = SDKROOT; };
		7A0248F02F7C7E3800C56187 /* UserNotificationsUI.framework */ = {isa = PBXFileReference; lastKnownFileType = wrapper.framework; name = UserNotificationsUI.framework; path = System/Library/Frameworks/UserNotificationsUI.framework; sourceTree = SDKROOT; };
		7A6C39532F78A69E00F702BF /* FUELBREAK.app */ = {isa = PBXFileReference; explicitFileType = wrapper.application; includeInIndex = 0; path = FUELBREAK.app; sourceTree = BUILT_PRODUCTS_DIR; };
		7A6C39632F78A6A200F702BF /* FUELBREAKTests.xctest */ = {isa = PBXFileReference; explicitFileType = wrapper.cfbundle; includeInIndex = 0; path = FUELBREAKTests.xctest; sourceTree = BUILT_PRODUCTS_DIR; };
		7A6C396D2F78A6A200F702BF /* FUELBREAKUITests.xctest */ = {isa = PBXFileReference; explicitFileType = wrapper.cfbundle; includeInIndex = 0; path = FUELBREAKUITests.xctest; sourceTree = BUILT_PRODUCTS_DIR; };
		7AAC31292F803E0700A58AF6 /* FUELBREAK.xctestplan */ = {isa = PBXFileReference; lastKnownFileType = text; path = FUELBREAK.xctestplan; sourceTree = "<group>"; };
/* End PBXFileReference section */

/* Begin PBXFileSystemSynchronizedBuildFileExceptionSet section */
		7AB763D62F808036005978D9 /* Exceptions for "FUELBREAK" folder in "FUELBREAK" target */ = {
			isa = PBXFileSystemSynchronizedBuildFileExceptionSet;
			membershipExceptions = (
				Info.plist,
			);
			target = 7A6C39522F78A69E00F702BF /* FUELBREAK */;
		};
/* End PBXFileSystemSynchronizedBuildFileExceptionSet section */

/* Begin PBXFileSystemSynchronizedRootGroup section */
		7A6C39552F78A69E00F702BF /* FUELBREAK */ = {
			isa = PBXFileSystemSynchronizedRootGroup;
			exceptions = (
				7AB763D62F808036005978D9 /* Exceptions for "FUELBREAK" folder in "FUELBREAK" target */,
			);
			path = FUELBREAK;
			sourceTree = "<group>";
		};
		7A6C39662F78A6A200F702BF /* FUELBREAKTests */ = {
			isa = PBXFileSystemSynchronizedRootGroup;
			path = FUELBREAKTests;
			sourceTree = "<group>";
		};
		7A6C39702F78A6A200F702BF /* FUELBREAKUITests */ = {
			isa = PBXFileSystemSynchronizedRootGroup;
			path = FUELBREAKUITests;
			sourceTree = "<group>";
		};
/* End PBXFileSystemSynchronizedRootGroup section */

/* Begin PBXFrameworksBuildPhase section */
		7A6C39502F78A69E00F702BF /* Frameworks */ = {
			isa = PBXFrameworksBuildPhase;
			buildActionMask = 2147483647;
			files = (
			);
			runOnlyForDeploymentPostprocessing = 0;
		};
		7A6C39602F78A6A200F702BF /* Frameworks */ = {
			isa = PBXFrameworksBuildPhase;
			buildActionMask = 2147483647;
			files = (
			);
			runOnlyForDeploymentPostprocessing = 0;
		};
		7A6C396A2F78A6A200F702BF /* Frameworks */ = {
			isa = PBXFrameworksBuildPhase;
			buildActionMask = 2147483647;
			files = (
			);
			runOnlyForDeploymentPostprocessing = 0;
		};
/* End PBXFrameworksBuildPhase section */

/* Begin PBXGroup section */
		7A0248ED2F7C7E3800C56187 /* Frameworks */ = {
			isa = PBXGroup;
			children = (
				7A0248EE2F7C7E3800C56187 /* UserNotifications.framework */,
				7A0248F02F7C7E3800C56187 /* UserNotificationsUI.framework */,
			);
			name = Frameworks;
			sourceTree = "<group>";
		};
		7A6C394A2F78A69E00F702BF = {
			isa = PBXGroup;
			children = (
				7AAC31292F803E0700A58AF6 /* FUELBREAK.xctestplan */,
				7A6C39552F78A69E00F702BF /* FUELBREAK */,
				7A6C39662F78A6A200F702BF /* FUELBREAKTests */,
				7A6C39702F78A6A200F702BF /* FUELBREAKUITests */,
				7A0248ED2F7C7E3800C56187 /* Frameworks */,
				7A6C39542F78A69E00F702BF /* Products */,
			);
			sourceTree = "<group>";
		};
		7A6C39542F78A69E00F702BF /* Products */ = {
			isa = PBXGroup;
			children = (
				7A6C39532F78A69E00F702BF /* FUELBREAK.app */,
				7A6C39632F78A6A200F702BF /* FUELBREAKTests.xctest */,
				7A6C396D2F78A6A200F702BF /* FUELBREAKUITests.xctest */,
			);
			name = Products;
			sourceTree = "<group>";
		};
/* End PBXGroup section */

/* Begin PBXNativeTarget section */
		7A6C39522F78A69E00F702BF /* FUELBREAK */ = {
			isa = PBXNativeTarget;
			buildConfigurationList = 7A6C39772F78A6A200F702BF /* Build configuration list for PBXNativeTarget "FUELBREAK" */;
			buildPhases = (
				7A6C394F2F78A69E00F702BF /* Sources */,
				7A6C39502F78A69E00F702BF /* Frameworks */,
				7A6C39512F78A69E00F702BF /* Resources */,
				7A0248FC2F7C7E3800C56187 /* Embed Foundation Extensions */,
			);
			buildRules = (
			);
			dependencies = (
			);
			fileSystemSynchronizedGroups = (
				7A6C39552F78A69E00F702BF /* FUELBREAK */,
			);
			name = FUELBREAK;
			packageProductDependencies = (
			);
			productName = FUELBREAK;
			productReference = 7A6C39532F78A69E00F702BF /* FUELBREAK.app */;
			productType = "com.apple.product-type.application";
		};
		7A6C39622F78A6A200F702BF /* FUELBREAKTests */ = {
			isa = PBXNativeTarget;
			buildConfigurationList = 7A6C397A2F78A6A200F702BF /* Build configuration list for PBXNativeTarget "FUELBREAKTests" */;
			buildPhases = (
				7A6C395F2F78A6A200F702BF /* Sources */,
				7A6C39602F78A6A200F702BF /* Frameworks */,
				7A6C39612F78A6A200F702BF /* Resources */,
			);
			buildRules = (
			);
			dependencies = (
				7A6C39652F78A6A200F702BF /* PBXTargetDependency */,
			);
			fileSystemSynchronizedGroups = (
				7A6C39662F78A6A200F702BF /* FUELBREAKTests */,
			);
			name = FUELBREAKTests;
			packageProductDependencies = (
			);
			productName = FUELBREAKTests;
			productReference = 7A6C39632F78A6A200F702BF /* FUELBREAKTests.xctest */;
			productType = "com.apple.product-type.bundle.unit-test";
		};
		7A6C396C2F78A6A200F702BF /* FUELBREAKUITests */ = {
			isa = PBXNativeTarget;
			buildConfigurationList = 7A6C397D2F78A6A200F702BF /* Build configuration list for PBXNativeTarget "FUELBREAKUITests" */;
			buildPhases = (
				7A6C39692F78A6A200F702BF /* Sources */,
				7A6C396A2F78A6A200F702BF /* Frameworks */,
				7A6C396B2F78A6A200F702BF /* Resources */,
			);
			buildRules = (
			);
			dependencies = (
				7A6C396F2F78A6A200F702BF /* PBXTargetDependency */,
			);
			fileSystemSynchronizedGroups = (
				7A6C39702F78A6A200F702BF /* FUELBREAKUITests */,
			);
			name = FUELBREAKUITests;
			packageProductDependencies = (
			);
			productName = FUELBREAKUITests;
			productReference = 7A6C396D2F78A6A200F702BF /* FUELBREAKUITests.xctest */;
			productType = "com.apple.product-type.bundle.ui-testing";
		};
/* End PBXNativeTarget section */

/* Begin PBXProject section */
		7A6C394B2F78A69E00F702BF /* Project object */ = {
			isa = PBXProject;
			attributes = {
				BuildIndependentTargetsInParallel = 1;
				LastSwiftUpdateCheck = 1640;
				LastUpgradeCheck = 1640;
				TargetAttributes = {
					7A6C39522F78A69E00F702BF = {
						CreatedOnToolsVersion = 16.4;
						LastSwiftMigration = 1640;
					};
					7A6C39622F78A6A200F702BF = {
						CreatedOnToolsVersion = 16.4;
						TestTargetID = 7A6C39522F78A69E00F702BF;
					};
					7A6C396C2F78A6A200F702BF = {
						CreatedOnToolsVersion = 16.4;
						TestTargetID = 7A6C39522F78A69E00F702BF;
					};
				};
			};
			buildConfigurationList = 7A6C394E2F78A69E00F702BF /* Build configuration list for PBXProject "FUELBREAK" */;
			developmentRegion = en;
			hasScannedForEncodings = 0;
			knownRegions = (
				en,
				Base,
			);
			mainGroup = 7A6C394A2F78A69E00F702BF;
			minimizedProjectReferenceProxies = 1;
			preferredProjectObjectVersion = 77;
			productRefGroup = 7A6C39542F78A69E00F702BF /* Products */;
			projectDirPath = "";
			projectRoot = "";
			targets = (
				7A6C39522F78A69E00F702BF /* FUELBREAK */,
				7A6C39622F78A6A200F702BF /* FUELBREAKTests */,
				7A6C396C2F78A6A200F702BF /* FUELBREAKUITests */,
			);
		};
/* End PBXProject section */

/* Begin PBXResourcesBuildPhase section */
		7A6C39512F78A69E00F702BF /* Resources */ = {
			isa = PBXResourcesBuildPhase;
			buildActionMask = 2147483647;
			files = (
			);
			runOnlyForDeploymentPostprocessing = 0;
		};
		7A6C39612F78A6A200F702BF /* Resources */ = {
			isa = PBXResourcesBuildPhase;
			buildActionMask = 2147483647;
			files = (
			);
			runOnlyForDeploymentPostprocessing = 0;
		};
		7A6C396B2F78A6A200F702BF /* Resources */ = {
			isa = PBXResourcesBuildPhase;
			buildActionMask = 2147483647;
			files = (
			);
			runOnlyForDeploymentPostprocessing = 0;
		};
/* End PBXResourcesBuildPhase section */

/* Begin PBXSourcesBuildPhase section */
		7A6C394F2F78A69E00F702BF /* Sources */ = {
			isa = PBXSourcesBuildPhase;
			buildActionMask = 2147483647;
			files = (
			);
			runOnlyForDeploymentPostprocessing = 0;
		};
		7A6C395F2F78A6A200F702BF /* Sources */ = {
			isa = PBXSourcesBuildPhase;
			buildActionMask = 2147483647;
			files = (
			);
			runOnlyForDeploymentPostprocessing = 0;
		};
		7A6C39692F78A6A200F702BF /* Sources */ = {
			isa = PBXSourcesBuildPhase;
			buildActionMask = 2147483647;
			files = (
			);
			runOnlyForDeploymentPostprocessing = 0;
		};
/* End PBXSourcesBuildPhase section */

/* Begin PBXTargetDependency section */
		7A6C39652F78A6A200F702BF /* PBXTargetDependency */ = {
			isa = PBXTargetDependency;
			target = 7A6C39522F78A69E00F702BF /* FUELBREAK */;
			targetProxy = 7A6C39642F78A6A200F702BF /* PBXContainerItemProxy */;
		};
		7A6C396F2F78A6A200F702BF /* PBXTargetDependency */ = {
			isa = PBXTargetDependency;
			target = 7A6C39522F78A69E00F702BF /* FUELBREAK */;
			targetProxy = 7A6C396E2F78A6A200F702BF /* PBXContainerItemProxy */;
		};
/* End PBXTargetDependency section */

/* Begin XCBuildConfiguration section */
		7A6C39752F78A6A200F702BF /* Debug */ = {
			isa = XCBuildConfiguration;
			buildSettings = {
				ALWAYS_SEARCH_USER_PATHS = NO;
				ASSETCATALOG_COMPILER_GENERATE_SWIFT_ASSET_SYMBOL_EXTENSIONS = YES;
				CLANG_ANALYZER_NONNULL = YES;
				CLANG_ANALYZER_NUMBER_OBJECT_CONVERSION = YES_AGGRESSIVE;
				CLANG_CXX_LANGUAGE_STANDARD = "gnu++20";
				CLANG_ENABLE_MODULES = YES;
				CLANG_ENABLE_OBJC_ARC = YES;
				CLANG_ENABLE_OBJC_WEAK = YES;
				CLANG_WARN_BLOCK_CAPTURE_AUTORELEASING = YES;
				CLANG_WARN_BOOL_CONVERSION = YES;
				CLANG_WARN_COMMA = YES;
				CLANG_WARN_CONSTANT_CONVERSION = YES;
				CLANG_WARN_DEPRECATED_OBJC_IMPLEMENTATIONS = YES;
				CLANG_WARN_DIRECT_OBJC_ISA_USAGE = YES_ERROR;
				CLANG_WARN_DOCUMENTATION_COMMENTS = YES;
				CLANG_WARN_EMPTY_BODY = YES;
				CLANG_WARN_ENUM_CONVERSION = YES;
				CLANG_WARN_INFINITE_RECURSION = YES;
				CLANG_WARN_INT_CONVERSION = YES;
				CLANG_WARN_NON_LITERAL_NULL_CONVERSION = YES;
				CLANG_WARN_OBJC_IMPLICIT_RETAIN_SELF = YES;
				CLANG_WARN_OBJC_LITERAL_CONVERSION = YES;
				CLANG_WARN_OBJC_ROOT_CLASS = YES_ERROR;
				CLANG_WARN_QUOTED_INCLUDE_IN_FRAMEWORK_HEADER = YES;
				CLANG_WARN_RANGE_LOOP_ANALYSIS = YES;
				CLANG_WARN_STRICT_PROTOTYPES = YES;
				CLANG_WARN_SUSPICIOUS_MOVE = YES;
				CLANG_WARN_UNGUARDED_AVAILABILITY = YES_AGGRESSIVE;
				CLANG_WARN_UNREACHABLE_CODE = YES;
				CLANG_WARN__DUPLICATE_METHOD_MATCH = YES;
				COPY_PHASE_STRIP = NO;
				DEBUG_INFORMATION_FORMAT = dwarf;
				DEVELOPMENT_TEAM = 9HJ53KLL68;
				ENABLE_STRICT_OBJC_MSGSEND = YES;
				ENABLE_TESTABILITY = YES;
				ENABLE_USER_SCRIPT_SANDBOXING = YES;
				GCC_C_LANGUAGE_STANDARD = gnu17;
				GCC_DYNAMIC_NO_PIC = NO;
				GCC_NO_COMMON_BLOCKS = YES;
				GCC_OPTIMIZATION_LEVEL = 0;
				GCC_PREPROCESSOR_DEFINITIONS = (
					"DEBUG=1",
					"$(inherited)",
				);
				GCC_WARN_64_TO_32_BIT_CONVERSION = YES;
				GCC_WARN_ABOUT_RETURN_TYPE = YES_ERROR;
				GCC_WARN_UNDECLARED_SELECTOR = YES;
				GCC_WARN_UNINITIALIZED_AUTOS = YES_AGGRESSIVE;
				GCC_WARN_UNUSED_FUNCTION = YES;
				GCC_WARN_UNUSED_VARIABLE = YES;
				LOCALIZATION_PREFERS_STRING_CATALOGS = YES;
				MTL_ENABLE_DEBUG_INFO = INCLUDE_SOURCE;
				MTL_FAST_MATH = YES;
				ONLY_ACTIVE_ARCH = YES;
				SDKROOT = iphoneos;
				SWIFT_ACTIVE_COMPILATION_CONDITIONS = "DEBUG $(inherited)";
				SWIFT_OPTIMIZATION_LEVEL = "-Onone";
			};
			name = Debug;
		};
		7A6C39762F78A6A200F702BF /* Release */ = {
			isa = XCBuildConfiguration;
			buildSettings = {
				ALWAYS_SEARCH_USER_PATHS = NO;
				ASSETCATALOG_COMPILER_GENERATE_SWIFT_ASSET_SYMBOL_EXTENSIONS = YES;
				CLANG_ANALYZER_NONNULL = YES;
				CLANG_ANALYZER_NUMBER_OBJECT_CONVERSION = YES_AGGRESSIVE;
				CLANG_CXX_LANGUAGE_STANDARD = "gnu++20";
				CLANG_ENABLE_MODULES = YES;
				CLANG_ENABLE_OBJC_ARC = YES;
				CLANG_ENABLE_OBJC_WEAK = YES;
				CLANG_WARN_BLOCK_CAPTURE_AUTORELEASING = YES;
				CLANG_WARN_BOOL_CONVERSION = YES;
				CLANG_WARN_COMMA = YES;
				CLANG_WARN_CONSTANT_CONVERSION = YES;
				CLANG_WARN_DEPRECATED_OBJC_IMPLEMENTATIONS = YES;
				CLANG_WARN_DIRECT_OBJC_ISA_USAGE = YES_ERROR;
				CLANG_WARN_DOCUMENTATION_COMMENTS = YES;
				CLANG_WARN_EMPTY_BODY = YES;
				CLANG_WARN_ENUM_CONVERSION = YES;
				CLANG_WARN_INFINITE_RECURSION = YES;
				CLANG_WARN_INT_CONVERSION = YES;
				CLANG_WARN_NON_LITERAL_NULL_CONVERSION = YES;
				CLANG_WARN_OBJC_IMPLICIT_RETAIN_SELF = YES;
				CLANG_WARN_OBJC_LITERAL_CONVERSION = YES;
				CLANG_WARN_OBJC_ROOT_CLASS = YES_ERROR;
				CLANG_WARN_QUOTED_INCLUDE_IN_FRAMEWORK_HEADER = YES;
				CLANG_WARN_RANGE_LOOP_ANALYSIS = YES;
				CLANG_WARN_STRICT_PROTOTYPES = YES;
				CLANG_WARN_SUSPICIOUS_MOVE = YES;
				CLANG_WARN_UNGUARDED_AVAILABILITY = YES_AGGRESSIVE;
				CLANG_WARN_UNREACHABLE_CODE = YES;
				CLANG_WARN__DUPLICATE_METHOD_MATCH = YES;
				CODE_SIGN_ENTITLEMENTS = "";
				"CODE_SIGN_ENTITLEMENTS[sdk=*]" = FUELBREAKRelease.entitlements;
				COPY_PHASE_STRIP = NO;
				DEBUG_INFORMATION_FORMAT = "dwarf-with-dsym";
				DEVELOPMENT_TEAM = 9HJ53KLL68;
				ENABLE_NS_ASSERTIONS = NO;
				ENABLE_STRICT_OBJC_MSGSEND = YES;
				ENABLE_USER_SCRIPT_SANDBOXING = YES;
				GCC_C_LANGUAGE_STANDARD = gnu17;
				GCC_NO_COMMON_BLOCKS = YES;
				GCC_WARN_64_TO_32_BIT_CONVERSION = YES;
				GCC_WARN_ABOUT_RETURN_TYPE = YES_ERROR;
				GCC_WARN_UNDECLARED_SELECTOR = YES;
				GCC_WARN_UNINITIALIZED_AUTOS = YES_AGGRESSIVE;
				GCC_WARN_UNUSED_FUNCTION = YES;
				GCC_WARN_UNUSED_VARIABLE = YES;
				LOCALIZATION_PREFERS_STRING_CATALOGS = YES;
				MTL_ENABLE_DEBUG_INFO = NO;
				MTL_FAST_MATH = YES;
				ONLY_ACTIVE_ARCH = YES;
				SDKROOT = iphoneos;
				SWIFT_COMPILATION_MODE = wholemodule;
			};
			name = Release;
		};
		7A6C39782F78A6A200F702BF /* Debug */ = {
			isa = XCBuildConfiguration;
			buildSettings = {
				ASSETCATALOG_COMPILER_APPICON_NAME = AppIcon;
				ASSETCATALOG_COMPILER_GLOBAL_ACCENT_COLOR_NAME = AccentColor;
				ASSETCATALOG_COMPILER_INCLUDE_ALL_APPICON_ASSETS = NO;
				CLANG_ENABLE_MODULES = YES;
				CODE_SIGN_ENTITLEMENTS = FUELBREAK/FUELBREAK.entitlements;
				CODE_SIGN_IDENTITY = "Apple Development";
				CODE_SIGN_STYLE = Automatic;
				CURRENT_PROJECT_VERSION = 1;
				DEVELOPMENT_TEAM = 9HJ53KLL68;
				ENABLE_HARDENED_RUNTIME = YES;
				ENABLE_PREVIEWS = YES;
				GENERATE_INFOPLIST_FILE = YES;
				INFOPLIST_FILE = FUELBREAK/Info.plist;
				INFOPLIST_KEY_LSApplicationCategoryType = "public.app-category.utilities";
				INFOPLIST_KEY_NSCameraUsageDescription = "Sensaro needs camera access to capture images to upload to the map showing forestry issues. Community member photo uploads are moderated and managed by real people. This is so the image can be attached to a concern report and shared with land managers.";
				INFOPLIST_KEY_NSLocationAlwaysAndWhenInUseUsageDescription = "FUELBREAK uses your location in the background to alert you to nearby fire activity.";
				INFOPLIST_KEY_NSLocationWhenInUseUsageDescription = "Sensaro uses your location to accurately pin forestry concern reports on the map. Community member photo uploads are moderated and managed by real people.";
				INFOPLIST_KEY_NSPhotoLibraryAddUsageDescription = "Used to save photos to your library.";
				INFOPLIST_KEY_NSPhotoLibraryUsageDescription = "Sensaro needs photo library access to upload existing photos of forestry concerns. Community member photo uploads are moderated and managed by real people. This is so the image can be attached to a concern report and shared with land managers.";
				"INFOPLIST_KEY_UIApplicationSceneManifest_Generation[sdk=iphoneos*]" = YES;
				"INFOPLIST_KEY_UIApplicationSceneManifest_Generation[sdk=iphonesimulator*]" = YES;
				"INFOPLIST_KEY_UIApplicationSupportsIndirectInputEvents[sdk=iphoneos*]" = YES;
				"INFOPLIST_KEY_UIApplicationSupportsIndirectInputEvents[sdk=iphonesimulator*]" = YES;
				"INFOPLIST_KEY_UILaunchScreen_Generation[sdk=iphoneos*]" = YES;
				"INFOPLIST_KEY_UILaunchScreen_Generation[sdk=iphonesimulator*]" = YES;
				INFOPLIST_KEY_UILaunchStoryboardName = "";
				"INFOPLIST_KEY_UIStatusBarStyle[sdk=iphoneos*]" = UIStatusBarStyleDefault;
				"INFOPLIST_KEY_UIStatusBarStyle[sdk=iphonesimulator*]" = UIStatusBarStyleDefault;
				INFOPLIST_KEY_UISupportedInterfaceOrientations_iPad = "UIInterfaceOrientationPortrait UIInterfaceOrientationPortraitUpsideDown UIInterfaceOrientationLandscapeLeft UIInterfaceOrientationLandscapeRight";
				INFOPLIST_KEY_UISupportedInterfaceOrientations_iPhone = "UIInterfaceOrientationPortrait UIInterfaceOrientationLandscapeLeft UIInterfaceOrientationLandscapeRight";
				INFOPLIST_KEY_UIUserInterfaceStyle = Light;
				IPHONEOS_DEPLOYMENT_TARGET = 26;
				LD_RUNPATH_SEARCH_PATHS = "@executable_path/Frameworks";
				"LD_RUNPATH_SEARCH_PATHS[sdk=macosx*]" = "@executable_path/../Frameworks";
				MACOSX_DEPLOYMENT_TARGET = 14.0;
				MARKETING_VERSION = 1.0.7;
				PRODUCT_BUNDLE_IDENTIFIER = SENSARO.FUELBREAK;
				"PRODUCT_BUNDLE_IDENTIFIER[sdk=*]" = SENSARO.FUELBREAK;
				PRODUCT_NAME = "$(TARGET_NAME)";
				PROVISIONING_PROFILE_SPECIFIER = "";
				REGISTER_APP_GROUPS = YES;
				SDKROOT = auto;
				SUPPORTED_PLATFORMS = "iphoneos iphonesimulator";
				SUPPORTS_MACCATALYST = NO;
				SWIFT_EMIT_LOC_STRINGS = YES;
				SWIFT_OBJC_BRIDGING_HEADER = "FUELBREAK/FUELBREAK-Bridging-Header.h";
				SWIFT_OPTIMIZATION_LEVEL = "-Onone";
				SWIFT_VERSION = 5.0;
				TARGETED_DEVICE_FAMILY = "1,2";
				XROS_DEPLOYMENT_TARGET = 2.5;
			};
			name = Debug;
		};
		7A6C39792F78A6A200F702BF /* Release */ = {
			isa = XCBuildConfiguration;
			buildSettings = {
				ASSETCATALOG_COMPILER_APPICON_NAME = AppIcon;
				ASSETCATALOG_COMPILER_GLOBAL_ACCENT_COLOR_NAME = AccentColor;
				ASSETCATALOG_COMPILER_INCLUDE_ALL_APPICON_ASSETS = NO;
				CLANG_ENABLE_MODULES = YES;
				CODE_SIGN_ENTITLEMENTS = FUELBREAK/FUELBREAKRelease.entitlements;
				"CODE_SIGN_ENTITLEMENTS[sdk=*]" = "";
				CODE_SIGN_IDENTITY = "Apple Development";
				"CODE_SIGN_IDENTITY[sdk=iphoneos*]" = "iPhone Distribution";
				CODE_SIGN_STYLE = Manual;
				CURRENT_PROJECT_VERSION = 1;
				DEVELOPMENT_TEAM = "";
				"DEVELOPMENT_TEAM[sdk=iphoneos*]" = 9HJ53KLL68;
				ENABLE_HARDENED_RUNTIME = YES;
				ENABLE_PREVIEWS = YES;
				GENERATE_INFOPLIST_FILE = YES;
				INFOPLIST_FILE = FUELBREAK/Info.plist;
				INFOPLIST_KEY_LSApplicationCategoryType = "public.app-category.utilities";
				INFOPLIST_KEY_NSCameraUsageDescription = "Sensaro needs camera access to capture images to upload to the map showing forestry issues. Community member photo uploads are moderated and managed by real people. This is so the image can be attached to a concern report and shared with land managers.";
				INFOPLIST_KEY_NSLocationAlwaysAndWhenInUseUsageDescription = "FUELBREAK uses your location in the background to alert you to nearby fire activity.";
				INFOPLIST_KEY_NSLocationWhenInUseUsageDescription = "Sensaro uses your location to accurately pin forestry concern reports on the map. Community member photo uploads are moderated and managed by real people.";
				INFOPLIST_KEY_NSPhotoLibraryAddUsageDescription = "Used to save photos to your library.";
				INFOPLIST_KEY_NSPhotoLibraryUsageDescription = "Sensaro needs photo library access to upload existing photos of forestry concerns. Community member photo uploads are moderated and managed by real people. This is so the image can be attached to a concern report and shared with land managers.";
				"INFOPLIST_KEY_UIApplicationSceneManifest_Generation[sdk=iphoneos*]" = YES;
				"INFOPLIST_KEY_UIApplicationSceneManifest_Generation[sdk=iphonesimulator*]" = YES;
				"INFOPLIST_KEY_UIApplicationSupportsIndirectInputEvents[sdk=iphoneos*]" = YES;
				"INFOPLIST_KEY_UIApplicationSupportsIndirectInputEvents[sdk=iphonesimulator*]" = YES;
				"INFOPLIST_KEY_UILaunchScreen_Generation[sdk=iphoneos*]" = YES;
				"INFOPLIST_KEY_UILaunchScreen_Generation[sdk=iphonesimulator*]" = YES;
				INFOPLIST_KEY_UILaunchStoryboardName = "";
				"INFOPLIST_KEY_UIStatusBarStyle[sdk=iphoneos*]" = UIStatusBarStyleDefault;
				"INFOPLIST_KEY_UIStatusBarStyle[sdk=iphonesimulator*]" = UIStatusBarStyleDefault;
				INFOPLIST_KEY_UISupportedInterfaceOrientations_iPad = "UIInterfaceOrientationPortrait UIInterfaceOrientationPortraitUpsideDown UIInterfaceOrientationLandscapeLeft UIInterfaceOrientationLandscapeRight";
				INFOPLIST_KEY_UISupportedInterfaceOrientations_iPhone = "UIInterfaceOrientationPortrait UIInterfaceOrientationLandscapeLeft UIInterfaceOrientationLandscapeRight";
				INFOPLIST_KEY_UIUserInterfaceStyle = Light;
				IPHONEOS_DEPLOYMENT_TARGET = 26;
				LD_RUNPATH_SEARCH_PATHS = "@executable_path/Frameworks";
				"LD_RUNPATH_SEARCH_PATHS[sdk=macosx*]" = "@executable_path/../Frameworks";
				MACOSX_DEPLOYMENT_TARGET = 14.0;
				MARKETING_VERSION = 1.0.7;
				PRODUCT_BUNDLE_IDENTIFIER = SENSARO.FUELBREAK;
				PRODUCT_NAME = "$(TARGET_NAME)";
				PROVISIONING_PROFILE_SPECIFIER = "";
				"PROVISIONING_PROFILE_SPECIFIER[sdk=iphoneos*]" = AppStoreConnectDistributionRegeneration;
				REGISTER_APP_GROUPS = YES;
				SDKROOT = auto;
				SUPPORTED_PLATFORMS = "iphoneos iphonesimulator";
				SUPPORTS_MACCATALYST = NO;
				SWIFT_EMIT_LOC_STRINGS = YES;
				SWIFT_OBJC_BRIDGING_HEADER = "FUELBREAK/FUELBREAK-Bridging-Header.h";
				SWIFT_VERSION = 5.0;
				TARGETED_DEVICE_FAMILY = "1,2";
				XROS_DEPLOYMENT_TARGET = 2.5;
			};
			name = Release;
		};
		7A6C397B2F78A6A200F702BF /* Debug */ = {
			isa = XCBuildConfiguration;
			buildSettings = {
				BUNDLE_LOADER = "$(TEST_HOST)";
				CODE_SIGN_STYLE = Automatic;
				CURRENT_PROJECT_VERSION = 1;
				DEVELOPMENT_TEAM = 9HJ53KLL68;
				GENERATE_INFOPLIST_FILE = YES;
				IPHONEOS_DEPLOYMENT_TARGET = 18.5;
				MACOSX_DEPLOYMENT_TARGET = 15.3;
				MARKETING_VERSION = 1.0;
				PRODUCT_BUNDLE_IDENTIFIER = SENSARO.FUELBREAKTests;
				PRODUCT_NAME = "$(TARGET_NAME)";
				SDKROOT = auto;
				SUPPORTED_PLATFORMS = "iphoneos iphonesimulator macosx xros xrsimulator";
				SWIFT_EMIT_LOC_STRINGS = NO;
				SWIFT_VERSION = 5.0;
				TARGETED_DEVICE_FAMILY = "1,2,7";
				TEST_HOST = "$(BUILT_PRODUCTS_DIR)/FUELBREAK.app/$(BUNDLE_EXECUTABLE_FOLDER_PATH)/FUELBREAK";
				XROS_DEPLOYMENT_TARGET = 2.5;
			};
			name = Debug;
		};
		7A6C397C2F78A6A200F702BF /* Release */ = {
			isa = XCBuildConfiguration;
			buildSettings = {
				BUNDLE_LOADER = "$(TEST_HOST)";
				CODE_SIGN_IDENTITY = "Apple Development";
				CODE_SIGN_STYLE = Automatic;
				CURRENT_PROJECT_VERSION = 1;
				DEVELOPMENT_TEAM = "";
				GENERATE_INFOPLIST_FILE = YES;
				IPHONEOS_DEPLOYMENT_TARGET = 18.5;
				MACOSX_DEPLOYMENT_TARGET = 15.3;
				MARKETING_VERSION = 1.0;
				PRODUCT_BUNDLE_IDENTIFIER = SENSARO.FUELBREAK;
				PRODUCT_NAME = "$(TARGET_NAME)";
				PROVISIONING_PROFILE_SPECIFIER = "";
				SDKROOT = auto;
				SUPPORTED_PLATFORMS = "iphoneos iphonesimulator macosx xros xrsimulator";
				SWIFT_EMIT_LOC_STRINGS = NO;
				SWIFT_VERSION = 5.0;
				TARGETED_DEVICE_FAMILY = "1,2,7";
				TEST_HOST = "$(BUILT_PRODUCTS_DIR)/FUELBREAK.app/$(BUNDLE_EXECUTABLE_FOLDER_PATH)/FUELBREAK";
				XROS_DEPLOYMENT_TARGET = 2.5;
			};
			name = Release;
		};
		7A6C397E2F78A6A200F702BF /* Debug */ = {
			isa = XCBuildConfiguration;
			buildSettings = {
				CODE_SIGN_STYLE = Automatic;
				CURRENT_PROJECT_VERSION = 1;
				DEVELOPMENT_TEAM = 9HJ53KLL68;
				GENERATE_INFOPLIST_FILE = YES;
				IPHONEOS_DEPLOYMENT_TARGET = 18.5;
				MACOSX_DEPLOYMENT_TARGET = 15.3;
				MARKETING_VERSION = 1.0;
				PRODUCT_BUNDLE_IDENTIFIER = SENSARO.FUELBREAKUITests;
				PRODUCT_NAME = "$(TARGET_NAME)";
				SDKROOT = auto;
				SUPPORTED_PLATFORMS = "iphoneos iphonesimulator macosx xros xrsimulator";
				SWIFT_EMIT_LOC_STRINGS = NO;
				SWIFT_VERSION = 5.0;
				TARGETED_DEVICE_FAMILY = "1,2,7";
				TEST_TARGET_NAME = FUELBREAK;
				XROS_DEPLOYMENT_TARGET = 2.5;
			};
			name = Debug;
		};
		7A6C397F2F78A6A200F702BF /* Release */ = {
			isa = XCBuildConfiguration;
			buildSettings = {
				CODE_SIGN_STYLE = Automatic;
				CURRENT_PROJECT_VERSION = 1;
				DEVELOPMENT_TEAM = 9HJ53KLL68;
				GENERATE_INFOPLIST_FILE = YES;
				IPHONEOS_DEPLOYMENT_TARGET = 18.5;
				MACOSX_DEPLOYMENT_TARGET = 15.3;
				MARKETING_VERSION = 1.0;
				PRODUCT_BUNDLE_IDENTIFIER = SENSARO.FUELBREAKUITests;
				PRODUCT_NAME = "$(TARGET_NAME)";
				SDKROOT = auto;
				SUPPORTED_PLATFORMS = "iphoneos iphonesimulator macosx xros xrsimulator";
				SWIFT_EMIT_LOC_STRINGS = NO;
				SWIFT_VERSION = 5.0;
				TARGETED_DEVICE_FAMILY = "1,2,7";
				TEST_TARGET_NAME = FUELBREAK;
				XROS_DEPLOYMENT_TARGET = 2.5;
			};
			name = Release;
		};
/* End XCBuildConfiguration section */

/* Begin XCConfigurationList section */
		7A6C394E2F78A69E00F702BF /* Build configuration list for PBXProject "FUELBREAK" */ = {
			isa = XCConfigurationList;
			buildConfigurations = (
				7A6C39752F78A6A200F702BF /* Debug */,
				7A6C39762F78A6A200F702BF /* Release */,
			);
			defaultConfigurationIsVisible = 0;
			defaultConfigurationName = Release;
		};
		7A6C39772F78A6A200F702BF /* Build configuration list for PBXNativeTarget "FUELBREAK" */ = {
			isa = XCConfigurationList;
			buildConfigurations = (
				7A6C39782F78A6A200F702BF /* Debug */,
				7A6C39792F78A6A200F702BF /* Release */,
			);
			defaultConfigurationIsVisible = 0;
			defaultConfigurationName = Release;
		};
		7A6C397A2F78A6A200F702BF /* Build configuration list for PBXNativeTarget "FUELBREAKTests" */ = {
			isa = XCConfigurationList;
			buildConfigurations = (
				7A6C397B2F78A6A200F702BF /* Debug */,
				7A6C397C2F78A6A200F702BF /* Release */,
			);
			defaultConfigurationIsVisible = 0;
			defaultConfigurationName = Release;
		};
		7A6C397D2F78A6A200F702BF /* Build configuration list for PBXNativeTarget "FUELBREAKUITests" */ = {
			isa = XCConfigurationList;
			buildConfigurations = (
				7A6C397E2F78A6A200F702BF /* Debug */,
				7A6C397F2F78A6A200F702BF /* Release */,
			);
			defaultConfigurationIsVisible = 0;
			defaultConfigurationName = Release;
		};
/* End XCConfigurationList section */
	};
	rootObject = 7A6C394B2F78A69E00F702BF /* Project object */;
}
